
Microsoft Visual Studio Solution File, Format Version 12.00
# Visual Studio 15
VisualStudioVersion = 15.0.27703.2035
MinimumVisualStudioVersion = 10.0.40219.1
Project("{E53339B2-1760-4266-BCC7-CA923CBCF16C}") = "docker-compose", "docker-compose.dcproj", "{8415319F-FD6A-437F-B3B1-600F69989410}"
EndProject
Project("{FAE04EC0-301F-11D3-BF4B-00C04F79EFBC}") = "Web1", "Web1\Web1.csproj", "{1CCC00B8-4872-4680-90CA-25F830C030A3}"
EndProject
Project("{FAE04EC0-301F-11D3-BF4B-00C04F79EFBC}") = "Web2", "Web2\Web2.csproj", "{5D111A6D-729F-4C45-8CCC-F52087474817}"
EndProject
Project("{2150E333-8FDC-42A3-9474-1A3956D46DE8}") = "SQLScripts", "SQLScripts", "{B9453EFD-B79A-446E-B329-8843FC855EB5}"
	ProjectSection(SolutionItems) = preProject
		SQL1.txt = SQL1.txt
	EndProjectSection
EndProject
Global
	GlobalSection(SolutionConfigurationPlatforms) = preSolution
		Debug|Any CPU = Debug|Any CPU
		Release|Any CPU = Release|Any CPU
	EndGlobalSection
	GlobalSection(ProjectConfigurationPlatforms) = postSolution
		{8415319F-FD6A-437F-B3B1-600F69989410}.Debug|Any CPU.ActiveCfg = Debug|Any CPU
		{8415319F-FD6A-437F-B3B1-600F69989410}.Debug|Any CPU.Build.0 = Debug|Any CPU
		{8415319F-FD6A-437F-B3B1-600F69989410}.Release|Any CPU.ActiveCfg = Release|Any CPU
		{8415319F-FD6A-437F-B3B1-600F69989410}.Release|Any CPU.Build.0 = Release|Any CPU
		{1CCC00B8-4872-4680-90CA-25F830C030A3}.Debug|Any CPU.ActiveCfg = Debug|Any CPU
		{1CCC00B8-4872-4680-90CA-25F830C030A3}.Debug|Any CPU.Build.0 = Debug|Any CPU
		{1CCC00B8-4872-4680-90CA-25F830C030A3}.Release|Any CPU.ActiveCfg = Release|Any CPU
		{1CCC00B8-4872-4680-90CA-25F830C030A3}.Release|Any CPU.Build.0 = Release|Any CPU
		{5D111A6D-729F-4C45-8CCC-F52087474817}.Debug|Any CPU.ActiveCfg = Debug|Any CPU
		{5D111A6D-729F-4C45-8CCC-F52087474817}.Debug|Any CPU.Build.0 = Debug|Any CPU
		{5D111A6D-729F-4C45-8CCC-F52087474817}.Release|Any CPU.ActiveCfg = Release|Any CPU
		{5D111A6D-729F-4C45-8CCC-F52087474817}.Release|Any CPU.Build.0 = Release|Any CPU
	EndGlobalSection
	GlobalSection(SolutionProperties) = preSolution
		HideSolutionNode = FALSE
	EndGlobalSection
	GlobalSection(ExtensibilityGlobals) = postSolution
		SolutionGuid = {AEA2F342-9E2D-43B8-9D80-90EC5CAE5C9B}
	EndGlobalSection
EndGlobal
